
Microsoft Visual Studio Solution File, Format Version 12.00
# Visual Studio Version 16
VisualStudioVersion = 16.0.30907.101
MinimumVisualStudioVersion = 10.0.40219.1
Project("{9A19103F-16F7-4668-BE54-9A1E7A4F7556}") = "MultimapBenchmark", "MultimapBenchmark\MultimapBenchmark.csproj", "{41F0D4B3-1CD6-43E6-BD3F-97BBE7D10B76}"
EndProject
Project("{9A19103F-16F7-4668-BE54-9A1E7A4F7556}") = "Dapper", "Dapper\Dapper\Dapper.csproj", "{D0BBEA75-0B81-4CF1-9B2D-DC1AE4327ABF}"
EndProject
Global
	GlobalSection(SolutionConfigurationPlatforms) = preSolution
		Debug|Any CPU = Debug|Any CPU
		Release|Any CPU = Release|Any CPU
	EndGlobalSection
	GlobalSection(ProjectConfigurationPlatforms) = postSolution
		{41F0D4B3-1CD6-43E6-BD3F-97BBE7D10B76}.Debug|Any CPU.ActiveCfg = Debug|Any CPU
		{41F0D4B3-1CD6-43E6-BD3F-97BBE7D10B76}.Debug|Any CPU.Build.0 = Debug|Any CPU
		{41F0D4B3-1CD6-43E6-BD3F-97BBE7D10B76}.Release|Any CPU.ActiveCfg = Release|Any CPU
		{41F0D4B3-1CD6-43E6-BD3F-97BBE7D10B76}.Release|Any CPU.Build.0 = Release|Any CPU
		{D0BBEA75-0B81-4CF1-9B2D-DC1AE4327ABF}.Debug|Any CPU.ActiveCfg = Debug|Any CPU
		{D0BBEA75-0B81-4CF1-9B2D-DC1AE4327ABF}.Debug|Any CPU.Build.0 = Debug|Any CPU
		{D0BBEA75-0B81-4CF1-9B2D-DC1AE4327ABF}.Release|Any CPU.ActiveCfg = Release|Any CPU
		{D0BBEA75-0B81-4CF1-9B2D-DC1AE4327ABF}.Release|Any CPU.Build.0 = Release|Any CPU
	EndGlobalSection
	GlobalSection(SolutionProperties) = preSolution
		HideSolutionNode = FALSE
	EndGlobalSection
	GlobalSection(ExtensibilityGlobals) = postSolution
		SolutionGuid = {805CE634-52E3-4327-93F9-1D5F60005328}
	EndGlobalSection
EndGlobal
